
Microsoft Visual Studio Solution File, Format Version 12.00
# Visual Studio 15
VisualStudioVersion = 15.0.26730.10
MinimumVisualStudioVersion = 10.0.40219.1
Project("{FAE04EC0-301F-11D3-BF4B-00C04F79EFBC}") = "TeduShop.Common", "TeduShop.Common\TeduShop.Common.csproj", "{1F90F74C-6380-4F11-AF85-9B33CA321ACA}"
EndProject
Project("{FAE04EC0-301F-11D3-BF4B-00C04F79EFBC}") = "TeduShop.Data", "TeduShop.Data\TeduShop.Data.csproj", "{9B6334CC-9315-4210-BCC8-359836461057}"
EndProject
Project("{FAE04EC0-301F-11D3-BF4B-00C04F79EFBC}") = "TeduShop.Model", "TeduShop.Model\TeduShop.Model.csproj", "{9D4DEA21-84F7-401C-8A31-CB8E3BC8B4F7}"
EndProject
Project("{FAE04EC0-301F-11D3-BF4B-00C04F79EFBC}") = "TeduShop.Service", "TeduShop.Service\TeduShop.Service.csproj", "{7DD39E4E-C685-4A77-B377-E9304F0BF0F1}"
EndProject
Project("{FAE04EC0-301F-11D3-BF4B-00C04F79EFBC}") = "TeduShop.UnitTest", "TeduShop.UnitTest\TeduShop.UnitTest.csproj", "{5E43423E-6D0A-4044-A117-F760F0AE9525}"
EndProject
Project("{FAE04EC0-301F-11D3-BF4B-00C04F79EFBC}") = "TeduShop.Web", "TeduShop.Web\TeduShop.Web.csproj", "{072360A9-56E1-4095-ACF7-41093531408E}"
EndProject
Global
	GlobalSection(SolutionConfigurationPlatforms) = preSolution
		Debug|Any CPU = Debug|Any CPU
		Release|Any CPU = Release|Any CPU
	EndGlobalSection
	GlobalSection(ProjectConfigurationPlatforms) = postSolution
		{1F90F74C-6380-4F11-AF85-9B33CA321ACA}.Debug|Any CPU.ActiveCfg = Debug|Any CPU
		{1F90F74C-6380-4F11-AF85-9B33CA321ACA}.Debug|Any CPU.Build.0 = Debug|Any CPU
		{1F90F74C-6380-4F11-AF85-9B33CA321ACA}.Release|Any CPU.ActiveCfg = Release|Any CPU
		{1F90F74C-6380-4F11-AF85-9B33CA321ACA}.Release|Any CPU.Build.0 = Release|Any CPU
		{9B6334CC-9315-4210-BCC8-359836461057}.Debug|Any CPU.ActiveCfg = Debug|Any CPU
		{9B6334CC-9315-4210-BCC8-359836461057}.Debug|Any CPU.Build.0 = Debug|Any CPU
		{9B6334CC-9315-4210-BCC8-359836461057}.Release|Any CPU.ActiveCfg = Release|Any CPU
		{9B6334CC-9315-4210-BCC8-359836461057}.Release|Any CPU.Build.0 = Release|Any CPU
		{9D4DEA21-84F7-401C-8A31-CB8E3BC8B4F7}.Debug|Any CPU.ActiveCfg = Debug|Any CPU
		{9D4DEA21-84F7-401C-8A31-CB8E3BC8B4F7}.Debug|Any CPU.Build.0 = Debug|Any CPU
		{9D4DEA21-84F7-401C-8A31-CB8E3BC8B4F7}.Release|Any CPU.ActiveCfg = Release|Any CPU
		{9D4DEA21-84F7-401C-8A31-CB8E3BC8B4F7}.Release|Any CPU.Build.0 = Release|Any CPU
		{7DD39E4E-C685-4A77-B377-E9304F0BF0F1}.Debug|Any CPU.ActiveCfg = Debug|Any CPU
		{7DD39E4E-C685-4A77-B377-E9304F0BF0F1}.Debug|Any CPU.Build.0 = Debug|Any CPU
		{7DD39E4E-C685-4A77-B377-E9304F0BF0F1}.Release|Any CPU.ActiveCfg = Release|Any CPU
		{7DD39E4E-C685-4A77-B377-E9304F0BF0F1}.Release|Any CPU.Build.0 = Release|Any CPU
		{5E43423E-6D0A-4044-A117-F760F0AE9525}.Debug|Any CPU.ActiveCfg = Debug|Any CPU
		{5E43423E-6D0A-4044-A117-F760F0AE9525}.Debug|Any CPU.Build.0 = Debug|Any CPU
		{5E43423E-6D0A-4044-A117-F760F0AE9525}.Release|Any CPU.ActiveCfg = Release|Any CPU
		{5E43423E-6D0A-4044-A117-F760F0AE9525}.Release|Any CPU.Build.0 = Release|Any CPU
		{072360A9-56E1-4095-ACF7-41093531408E}.Debug|Any CPU.ActiveCfg = Debug|Any CPU
		{072360A9-56E1-4095-ACF7-41093531408E}.Debug|Any CPU.Build.0 = Debug|Any CPU
		{072360A9-56E1-4095-ACF7-41093531408E}.Release|Any CPU.ActiveCfg = Release|Any CPU
		{072360A9-56E1-4095-ACF7-41093531408E}.Release|Any CPU.Build.0 = Release|Any CPU
	EndGlobalSection
	GlobalSection(SolutionProperties) = preSolution
		HideSolutionNode = FALSE
	EndGlobalSection
	GlobalSection(ExtensibilityGlobals) = postSolution
		SolutionGuid = {5525B7FA-D5D7-4622-BBE0-698BF6FB05D7}
	EndGlobalSection
EndGlobal
